{
  "name": "hare-camping-wallpaper",
  "version": "1.0.1",
  "lockfileVersion": 3,
  "requires": true,
  "packages": {
    "": {
      "name": "hare-camping-wallpaper",
      "version": "1.0.1",
      "dependencies": {
        "ba-memorial-lobby-wallpaper-runtime": "^0.1.0"
      }
    },
    "node_modules/ba-memorial-lobby-wallpaper-runtime": {
      "version": "0.1.0",
      "resolved": "https://registry.npmjs.org/ba-memorial-lobby-wallpaper-runtime/-/ba-memorial-lobby-wallpaper-runtime-0.1.0.tgz",
      "integrity": "sha512-eIaoHh6hWQ989ebTafIi5NN0OUKr81qmS2DXh87FBesEkBmjqpuFkTsEXNsDSxNeYwhWBIHf+jhfUSmlb9C5oQ=="
    }
  }
}
